
Microsoft Visual Studio Solution File, Format Version 12.00
# Visual Studio Version 16
VisualStudioVersion = 16.0.28803.452
MinimumVisualStudioVersion = 10.0.40219.1
Project("{FAE04EC0-301F-11D3-BF4B-00C04F79EFBC}") = "MyElevator", "MyElevator\MyElevator.csproj", "{335C989C-56DF-4FD2-BE3D-3BF5DD82B424}"
EndProject
Global
	GlobalSection(SolutionConfigurationPlatforms) = preSolution
		Debug|Any CPU = Debug|Any CPU
		Release|Any CPU = Release|Any CPU
	EndGlobalSection
	GlobalSection(ProjectConfigurationPlatforms) = postSolution
		{335C989C-56DF-4FD2-BE3D-3BF5DD82B424}.Debug|Any CPU.ActiveCfg = Debug|Any CPU
		{335C989C-56DF-4FD2-BE3D-3BF5DD82B424}.Debug|Any CPU.Build.0 = Debug|Any CPU
		{335C989C-56DF-4FD2-BE3D-3BF5DD82B424}.Release|Any CPU.ActiveCfg = Release|Any CPU
		{335C989C-56DF-4FD2-BE3D-3BF5DD82B424}.Release|Any CPU.Build.0 = Release|Any CPU
	EndGlobalSection
	GlobalSection(SolutionProperties) = preSolution
		HideSolutionNode = FALSE
	EndGlobalSection
	GlobalSection(ExtensibilityGlobals) = postSolution
		SolutionGuid = {2BF081EF-8D2F-41A3-831D-0CFB062B8518}
	EndGlobalSection
EndGlobal
